// !$*UTF8*$!
{
	archiveVersion = 1;
	classes = {
	};
	objectVersion = 50;
	objects = {

/* Begin PBXBuildFile section */
		D2CD8D5F221234F5003B9CC4 /* AppDelegate.swift in Sources */ = {isa = PBXBuildFile; fileRef = D2CD8D5E221234F5003B9CC4 /* AppDelegate.swift */; };
		D2CD8D61221234F5003B9CC4 /* BoroViewController.swift in Sources */ = {isa = PBXBuildFile; fileRef = D2CD8D60221234F5003B9CC4 /* BoroViewController.swift */; };
		D2CD8D64221234F5003B9CC4 /* Main.storyboard in Resources */ = {isa = PBXBuildFile; fileRef = D2CD8D62221234F5003B9CC4 /* Main.storyboard */; };
		D2CD8D66221234F5003B9CC4 /* Assets.xcassets in Resources */ = {isa = PBXBuildFile; fileRef = D2CD8D65221234F5003B9CC4 /* Assets.xcassets */; };
		D2CD8D69221234F5003B9CC4 /* LaunchScreen.storyboard in Resources */ = {isa = PBXBuildFile; fileRef = D2CD8D67221234F5003B9CC4 /* LaunchScreen.storyboard */; };
		D2CD8D74221234F5003B9CC4 /* SchoolListViewControllerTest.swift in Sources */ = {isa = PBXBuildFile; fileRef = D2CD8D73221234F5003B9CC4 /* SchoolListViewControllerTest.swift */; };
		D2CD8D802212357C003B9CC4 /* NYCSchool.swift in Sources */ = {isa = PBXBuildFile; fileRef = D2CD8D7F2212357C003B9CC4 /* NYCSchool.swift */; };
		D2CD8D8222123585003B9CC4 /* SchoolSAT.swift in Sources */ = {isa = PBXBuildFile; fileRef = D2CD8D8122123585003B9CC4 /* SchoolSAT.swift */; };
		D2CD8D852212364A003B9CC4 /* BoroViewModel.swift in Sources */ = {isa = PBXBuildFile; fileRef = D2CD8D842212364A003B9CC4 /* BoroViewModel.swift */; };
		D2CD8D8B22123CB7003B9CC4 /* SchoolListViewController.swift in Sources */ = {isa = PBXBuildFile; fileRef = D2CD8D8A22123CB7003B9CC4 /* SchoolListViewController.swift */; };
		D2CD8D8D22123CD0003B9CC4 /* SchoolListViewModel.swift in Sources */ = {isa = PBXBuildFile; fileRef = D2CD8D8C22123CD0003B9CC4 /* SchoolListViewModel.swift */; };
		D2CD8D8F22123FC6003B9CC4 /* NYCSchoolsAPIService.swift in Sources */ = {isa = PBXBuildFile; fileRef = D2CD8D8E22123FC6003B9CC4 /* NYCSchoolsAPIService.swift */; };
		D2CD8D92221240DF003B9CC4 /* NetworkManager.swift in Sources */ = {isa = PBXBuildFile; fileRef = D2CD8D91221240DF003B9CC4 /* NetworkManager.swift */; };
		D2CD8D9422124F42003B9CC4 /* SchoolSATDetailViewController.swift in Sources */ = {isa = PBXBuildFile; fileRef = D2CD8D9322124F42003B9CC4 /* SchoolSATDetailViewController.swift */; };
		D2CD8D9622125BC0003B9CC4 /* SchoolSATDetailViewController.storyboard in Resources */ = {isa = PBXBuildFile; fileRef = D2CD8D9522125BC0003B9CC4 /* SchoolSATDetailViewController.storyboard */; };
		D2CD8D9822125D1E003B9CC4 /* SchoolSATDetailsViewModel.swift in Sources */ = {isa = PBXBuildFile; fileRef = D2CD8D9722125D1E003B9CC4 /* SchoolSATDetailsViewModel.swift */; };
/* End PBXBuildFile section */

/* Begin PBXContainerItemProxy section */
		D2CD8D70221234F5003B9CC4 /* PBXContainerItemProxy */ = {
			isa = PBXContainerItemProxy;
			containerPortal = D2CD8D53221234F5003B9CC4 /* Project object */;
			proxyType = 1;
			remoteGlobalIDString = D2CD8D5A221234F5003B9CC4;
			remoteInfo = "20190211-TylerZhao-NYCSchools-Swift";
		};
/* End PBXContainerItemProxy section */

/* Begin PBXFileReference section */
		D2CD8D5B221234F5003B9CC4 /* 20190211-TylerZhao-NYCSchools-Swift.app */ = {isa = PBXFileReference; explicitFileType = wrapper.application; includeInIndex = 0; path = "20190211-TylerZhao-NYCSchools-Swift.app"; sourceTree = BUILT_PRODUCTS_DIR; };
		D2CD8D5E221234F5003B9CC4 /* AppDelegate.swift */ = {isa = PBXFileReference; lastKnownFileType = sourcecode.swift; path = AppDelegate.swift; sourceTree = "<group>"; };
		D2CD8D60221234F5003B9CC4 /* BoroViewController.swift */ = {isa = PBXFileReference; lastKnownFileType = sourcecode.swift; path = BoroViewController.swift; sourceTree = "<group>"; };
		D2CD8D63221234F5003B9CC4 /* Base */ = {isa = PBXFileReference; lastKnownFileType = file.storyboard; name = Base; path = Base.lproj/Main.storyboard; sourceTree = "<group>"; };
		D2CD8D65221234F5003B9CC4 /* Assets.xcassets */ = {isa = PBXFileReference; lastKnownFileType = folder.assetcatalog; path = Assets.xcassets; sourceTree = "<group>"; };
		D2CD8D68221234F5003B9CC4 /* Base */ = {isa = PBXFileReference; lastKnownFileType = file.storyboard; name = Base; path = Base.lproj/LaunchScreen.storyboard; sourceTree = "<group>"; };
		D2CD8D6A221234F5003B9CC4 /* Info.plist */ = {isa = PBXFileReference; lastKnownFileType = text.plist.xml; path = Info.plist; sourceTree = "<group>"; };
		D2CD8D6F221234F5003B9CC4 /* 20190211-TylerZhao-NYCSchools-SwiftTests.xctest */ = {isa = PBXFileReference; explicitFileType = wrapper.cfbundle; includeInIndex = 0; path = "20190211-TylerZhao-NYCSchools-SwiftTests.xctest"; sourceTree = BUILT_PRODUCTS_DIR; };
		D2CD8D73221234F5003B9CC4 /* SchoolListViewControllerTest.swift */ = {isa = PBXFileReference; lastKnownFileType = sourcecode.swift; path = SchoolListViewControllerTest.swift; sourceTree = "<group>"; };
		D2CD8D75221234F5003B9CC4 /* Info.plist */ = {isa = PBXFileReference; lastKnownFileType = text.plist.xml; path = Info.plist; sourceTree = "<group>"; };
		D2CD8D7F2212357C003B9CC4 /* NYCSchool.swift */ = {isa = PBXFileReference; lastKnownFileType = sourcecode.swift; path = NYCSchool.swift; sourceTree = "<group>"; };
		D2CD8D8122123585003B9CC4 /* SchoolSAT.swift */ = {isa = PBXFileReference; lastKnownFileType = sourcecode.swift; path = SchoolSAT.swift; sourceTree = "<group>"; };
		D2CD8D842212364A003B9CC4 /* BoroViewModel.swift */ = {isa = PBXFileReference; lastKnownFileType = sourcecode.swift; path = BoroViewModel.swift; sourceTree = "<group>"; };
		D2CD8D8A22123CB7003B9CC4 /* SchoolListViewController.swift */ = {isa = PBXFileReference; lastKnownFileType = sourcecode.swift; path = SchoolListViewController.swift; sourceTree = "<group>"; };
		D2CD8D8C22123CD0003B9CC4 /* SchoolListViewModel.swift */ = {isa = PBXFileReference; lastKnownFileType = sourcecode.swift; path = SchoolListViewModel.swift; sourceTree = "<group>"; };
		D2CD8D8E22123FC6003B9CC4 /* NYCSchoolsAPIService.swift */ = {isa = PBXFileReference; lastKnownFileType = sourcecode.swift; path = NYCSchoolsAPIService.swift; sourceTree = "<group>"; };
		D2CD8D91221240DF003B9CC4 /* NetworkManager.swift */ = {isa = PBXFileReference; lastKnownFileType = sourcecode.swift; path = NetworkManager.swift; sourceTree = "<group>"; };
		D2CD8D9322124F42003B9CC4 /* SchoolSATDetailViewController.swift */ = {isa = PBXFileReference; lastKnownFileType = sourcecode.swift; path = SchoolSATDetailViewController.swift; sourceTree = "<group>"; };
		D2CD8D9522125BC0003B9CC4 /* SchoolSATDetailViewController.storyboard */ = {isa = PBXFileReference; lastKnownFileType = file.storyboard; path = SchoolSATDetailViewController.storyboard; sourceTree = "<group>"; };
		D2CD8D9722125D1E003B9CC4 /* SchoolSATDetailsViewModel.swift */ = {isa = PBXFileReference; lastKnownFileType = sourcecode.swift; path = SchoolSATDetailsViewModel.swift; sourceTree = "<group>"; };
/* End PBXFileReference section */

/* Begin PBXFrameworksBuildPhase section */
		D2CD8D58221234F5003B9CC4 /* Frameworks */ = {
			isa = PBXFrameworksBuildPhase;
			buildActionMask = 2147483647;
			files = (
			);
			runOnlyForDeploymentPostprocessing = 0;
		};
		D2CD8D6C221234F5003B9CC4 /* Frameworks */ = {
			isa = PBXFrameworksBuildPhase;
			buildActionMask = 2147483647;
			files = (
			);
			runOnlyForDeploymentPostprocessing = 0;
		};
/* End PBXFrameworksBuildPhase section */

/* Begin PBXGroup section */
		D2CD8D52221234F5003B9CC4 = {
			isa = PBXGroup;
			children = (
				D2CD8D5D221234F5003B9CC4 /* 20190211-TylerZhao-NYCSchools-Swift */,
				D2CD8D6A221234F5003B9CC4 /* Info.plist */,
				D2CD8D72221234F5003B9CC4 /* 20190211-TylerZhao-NYCSchools-SwiftTests */,
				D2CD8D5C221234F5003B9CC4 /* Products */,
			);
			sourceTree = "<group>";
		};
		D2CD8D5C221234F5003B9CC4 /* Products */ = {
			isa = PBXGroup;
			children = (
				D2CD8D5B221234F5003B9CC4 /* 20190211-TylerZhao-NYCSchools-Swift.app */,
				D2CD8D6F221234F5003B9CC4 /* 20190211-TylerZhao-NYCSchools-SwiftTests.xctest */,
			);
			name = Products;
			sourceTree = "<group>";
		};
		D2CD8D5D221234F5003B9CC4 /* 20190211-TylerZhao-NYCSchools-Swift */ = {
			isa = PBXGroup;
			children = (
				D2CD8D5E221234F5003B9CC4 /* AppDelegate.swift */,
				D2CD8D9022123FCC003B9CC4 /* Network */,
				D2CD8D832212358A003B9CC4 /* Model */,
				D2CD8D8622123653003B9CC4 /* ViewModel */,
				D2CD8D8722123661003B9CC4 /* Scene */,
				D2CD8D7E22123562003B9CC4 /* Supporting */,
			);
			path = "20190211-TylerZhao-NYCSchools-Swift";
			sourceTree = "<group>";
		};
		D2CD8D72221234F5003B9CC4 /* 20190211-TylerZhao-NYCSchools-SwiftTests */ = {
			isa = PBXGroup;
			children = (
				D2CD8D73221234F5003B9CC4 /* SchoolListViewControllerTest.swift */,
				D2CD8D75221234F5003B9CC4 /* Info.plist */,
			);
			path = "20190211-TylerZhao-NYCSchools-SwiftTests";
			sourceTree = "<group>";
		};
		D2CD8D7E22123562003B9CC4 /* Supporting */ = {
			isa = PBXGroup;
			children = (
				D2CD8D62221234F5003B9CC4 /* Main.storyboard */,
				D2CD8D65221234F5003B9CC4 /* Assets.xcassets */,
				D2CD8D67221234F5003B9CC4 /* LaunchScreen.storyboard */,
			);
			path = Supporting;
			sourceTree = "<group>";
		};
		D2CD8D832212358A003B9CC4 /* Model */ = {
			isa = PBXGroup;
			children = (
				D2CD8D7F2212357C003B9CC4 /* NYCSchool.swift */,
				D2CD8D8122123585003B9CC4 /* SchoolSAT.swift */,
			);
			path = Model;
			sourceTree = "<group>";
		};
		D2CD8D8622123653003B9CC4 /* ViewModel */ = {
			isa = PBXGroup;
			children = (
				D2CD8D842212364A003B9CC4 /* BoroViewModel.swift */,
				D2CD8D8C22123CD0003B9CC4 /* SchoolListViewModel.swift */,
				D2CD8D9722125D1E003B9CC4 /* SchoolSATDetailsViewModel.swift */,
			);
			path = ViewModel;
			sourceTree = "<group>";
		};
		D2CD8D8722123661003B9CC4 /* Scene */ = {
			isa = PBXGroup;
			children = (
				D2CD8D60221234F5003B9CC4 /* BoroViewController.swift */,
				D2CD8D8A22123CB7003B9CC4 /* SchoolListViewController.swift */,
				D2CD8D9522125BC0003B9CC4 /* SchoolSATDetailViewController.storyboard */,
				D2CD8D9322124F42003B9CC4 /* SchoolSATDetailViewController.swift */,
			);
			path = Scene;
			sourceTree = "<group>";
		};
		D2CD8D9022123FCC003B9CC4 /* Network */ = {
			isa = PBXGroup;
			children = (
				D2CD8D91221240DF003B9CC4 /* NetworkManager.swift */,
				D2CD8D8E22123FC6003B9CC4 /* NYCSchoolsAPIService.swift */,
			);
			path = Network;
			sourceTree = "<group>";
		};
/* End PBXGroup section */

/* Begin PBXNativeTarget section */
		D2CD8D5A221234F5003B9CC4 /* 20190211-TylerZhao-NYCSchools-Swift */ = {
			isa = PBXNativeTarget;
			buildConfigurationList = D2CD8D78221234F5003B9CC4 /* Build configuration list for PBXNativeTarget "20190211-TylerZhao-NYCSchools-Swift" */;
			buildPhases = (
				D2CD8D57221234F5003B9CC4 /* Sources */,
				D2CD8D58221234F5003B9CC4 /* Frameworks */,
				D2CD8D59221234F5003B9CC4 /* Resources */,
			);
			buildRules = (
			);
			dependencies = (
			);
			name = "20190211-TylerZhao-NYCSchools-Swift";
			productName = "20190211-TylerZhao-NYCSchools-Swift";
			productReference = D2CD8D5B221234F5003B9CC4 /* 20190211-TylerZhao-NYCSchools-Swift.app */;
			productType = "com.apple.product-type.application";
		};
		D2CD8D6E221234F5003B9CC4 /* 20190211-TylerZhao-NYCSchools-SwiftTests */ = {
			isa = PBXNativeTarget;
			buildConfigurationList = D2CD8D7B221234F5003B9CC4 /* Build configuration list for PBXNativeTarget "20190211-TylerZhao-NYCSchools-SwiftTests" */;
			buildPhases = (
				D2CD8D6B221234F5003B9CC4 /* Sources */,
				D2CD8D6C221234F5003B9CC4 /* Frameworks */,
				D2CD8D6D221234F5003B9CC4 /* Resources */,
			);
			buildRules = (
			);
			dependencies = (
				D2CD8D71221234F5003B9CC4 /* PBXTargetDependency */,
			);
			name = "20190211-TylerZhao-NYCSchools-SwiftTests";
			productName = "20190211-TylerZhao-NYCSchools-SwiftTests";
			productReference = D2CD8D6F221234F5003B9CC4 /* 20190211-TylerZhao-NYCSchools-SwiftTests.xctest */;
			productType = "com.apple.product-type.bundle.unit-test";
		};
/* End PBXNativeTarget section */

/* Begin PBXProject section */
		D2CD8D53221234F5003B9CC4 /* Project object */ = {
			isa = PBXProject;
			attributes = {
				LastSwiftUpdateCheck = 1010;
				LastUpgradeCheck = 1010;
				ORGANIZATIONNAME = "Tyler Zhao";
				TargetAttributes = {
					D2CD8D5A221234F5003B9CC4 = {
						CreatedOnToolsVersion = 10.1;
					};
					D2CD8D6E221234F5003B9CC4 = {
						CreatedOnToolsVersion = 10.1;
						TestTargetID = D2CD8D5A221234F5003B9CC4;
					};
				};
			};
			buildConfigurationList = D2CD8D56221234F5003B9CC4 /* Build configuration list for PBXProject "20190211-TylerZhao-NYCSchools-Swift" */;
			compatibilityVersion = "Xcode 9.3";
			developmentRegion = en;
			hasScannedForEncodings = 0;
			knownRegions = (
				en,
				Base,
			);
			mainGroup = D2CD8D52221234F5003B9CC4;
			productRefGroup = D2CD8D5C221234F5003B9CC4 /* Products */;
			projectDirPath = "";
			projectRoot = "";
			targets = (
				D2CD8D5A221234F5003B9CC4 /* 20190211-TylerZhao-NYCSchools-Swift */,
				D2CD8D6E221234F5003B9CC4 /* 20190211-TylerZhao-NYCSchools-SwiftTests */,
			);
		};
/* End PBXProject section */

/* Begin PBXResourcesBuildPhase section */
		D2CD8D59221234F5003B9CC4 /* Resources */ = {
			isa = PBXResourcesBuildPhase;
			buildActionMask = 2147483647;
			files = (
				D2CD8D69221234F5003B9CC4 /* LaunchScreen.storyboard in Resources */,
				D2CD8D9622125BC0003B9CC4 /* SchoolSATDetailViewController.storyboard in Resources */,
				D2CD8D66221234F5003B9CC4 /* Assets.xcassets in Resources */,
				D2CD8D64221234F5003B9CC4 /* Main.storyboard in Resources */,
			);
			runOnlyForDeploymentPostprocessing = 0;
		};
		D2CD8D6D221234F5003B9CC4 /* Resources */ = {
			isa = PBXResourcesBuildPhase;
			buildActionMask = 2147483647;
			files = (
			);
			runOnlyForDeploymentPostprocessing = 0;
		};
/* End PBXResourcesBuildPhase section */

/* Begin PBXSourcesBuildPhase section */
		D2CD8D57221234F5003B9CC4 /* Sources */ = {
			isa = PBXSourcesBuildPhase;
			buildActionMask = 2147483647;
			files = (
				D2CD8D92221240DF003B9CC4 /* NetworkManager.swift in Sources */,
				D2CD8D61221234F5003B9CC4 /* BoroViewController.swift in Sources */,
				D2CD8D802212357C003B9CC4 /* NYCSchool.swift in Sources */,
				D2CD8D8D22123CD0003B9CC4 /* SchoolListViewModel.swift in Sources */,
				D2CD8D852212364A003B9CC4 /* BoroViewModel.swift in Sources */,
				D2CD8D8222123585003B9CC4 /* SchoolSAT.swift in Sources */,
				D2CD8D9422124F42003B9CC4 /* SchoolSATDetailViewController.swift in Sources */,
				D2CD8D9822125D1E003B9CC4 /* SchoolSATDetailsViewModel.swift in Sources */,
				D2CD8D8F22123FC6003B9CC4 /* NYCSchoolsAPIService.swift in Sources */,
				D2CD8D8B22123CB7003B9CC4 /* SchoolListViewController.swift in Sources */,
				D2CD8D5F221234F5003B9CC4 /* AppDelegate.swift in Sources */,
			);
			runOnlyForDeploymentPostprocessing = 0;
		};
		D2CD8D6B221234F5003B9CC4 /* Sources */ = {
			isa = PBXSourcesBuildPhase;
			buildActionMask = 2147483647;
			files = (
				D2CD8D74221234F5003B9CC4 /* SchoolListViewControllerTest.swift in Sources */,
			);
			runOnlyForDeploymentPostprocessing = 0;
		};
/* End PBXSourcesBuildPhase section */

/* Begin PBXTargetDependency section */
		D2CD8D71221234F5003B9CC4 /* PBXTargetDependency */ = {
			isa = PBXTargetDependency;
			target = D2CD8D5A221234F5003B9CC4 /* 20190211-TylerZhao-NYCSchools-Swift */;
			targetProxy = D2CD8D70221234F5003B9CC4 /* PBXContainerItemProxy */;
		};
/* End PBXTargetDependency section */

/* Begin PBXVariantGroup section */
		D2CD8D62221234F5003B9CC4 /* Main.storyboard */ = {
			isa = PBXVariantGroup;
			children = (
				D2CD8D63221234F5003B9CC4 /* Base */,
			);
			name = Main.storyboard;
			sourceTree = "<group>";
		};
		D2CD8D67221234F5003B9CC4 /* LaunchScreen.storyboard */ = {
			isa = PBXVariantGroup;
			children = (
				D2CD8D68221234F5003B9CC4 /* Base */,
			);
			name = LaunchScreen.storyboard;
			sourceTree = "<group>";
		};
/* End PBXVariantGroup section */

/* Begin XCBuildConfiguration section */
		D2CD8D76221234F5003B9CC4 /* Debug */ = {
			isa = XCBuildConfiguration;
			buildSettings = {
				ALWAYS_SEARCH_USER_PATHS = NO;
				CLANG_ANALYZER_NONNULL = YES;
				CLANG_ANALYZER_NUMBER_OBJECT_CONVERSION = YES_AGGRESSIVE;
				CLANG_CXX_LANGUAGE_STANDARD = "gnu++14";
				CLANG_CXX_LIBRARY = "libc++";
				CLANG_ENABLE_MODULES = YES;
				CLANG_ENABLE_OBJC_ARC = YES;
				CLANG_ENABLE_OBJC_WEAK = YES;
				CLANG_WARN_BLOCK_CAPTURE_AUTORELEASING = YES;
				CLANG_WARN_BOOL_CONVERSION = YES;
				CLANG_WARN_COMMA = YES;
				CLANG_WARN_CONSTANT_CONVERSION = YES;
				CLANG_WARN_DEPRECATED_OBJC_IMPLEMENTATIONS = YES;
				CLANG_WARN_DIRECT_OBJC_ISA_USAGE = YES_ERROR;
				CLANG_WARN_DOCUMENTATION_COMMENTS = YES;
				CLANG_WARN_EMPTY_BODY = YES;
				CLANG_WARN_ENUM_CONVERSION = YES;
				CLANG_WARN_INFINITE_RECURSION = YES;
				CLANG_WARN_INT_CONVERSION = YES;
				CLANG_WARN_NON_LITERAL_NULL_CONVERSION = YES;
				CLANG_WARN_OBJC_IMPLICIT_RETAIN_SELF = YES;
				CLANG_WARN_OBJC_LITERAL_CONVERSION = YES;
				CLANG_WARN_OBJC_ROOT_CLASS = YES_ERROR;
				CLANG_WARN_RANGE_LOOP_ANALYSIS = YES;
				CLANG_WARN_STRICT_PROTOTYPES = YES;
				CLANG_WARN_SUSPICIOUS_MOVE = YES;
				CLANG_WARN_UNGUARDED_AVAILABILITY = YES_AGGRESSIVE;
				CLANG_WARN_UNREACHABLE_CODE = YES;
				CLANG_WARN__DUPLICATE_METHOD_MATCH = YES;
				CODE_SIGN_IDENTITY = "iPhone Developer";
				COPY_PHASE_STRIP = NO;
				DEBUG_INFORMATION_FORMAT = dwarf;
				ENABLE_STRICT_OBJC_MSGSEND = YES;
				ENABLE_TESTABILITY = YES;
				GCC_C_LANGUAGE_STANDARD = gnu11;
				GCC_DYNAMIC_NO_PIC = NO;
				GCC_NO_COMMON_BLOCKS = YES;
				GCC_OPTIMIZATION_LEVEL = 0;
				GCC_PREPROCESSOR_DEFINITIONS = (
					"DEBUG=1",
					"$(inherited)",
				);
				GCC_WARN_64_TO_32_BIT_CONVERSION = YES;
				GCC_WARN_ABOUT_RETURN_TYPE = YES_ERROR;
				GCC_WARN_UNDECLARED_SELECTOR = YES;
				GCC_WARN_UNINITIALIZED_AUTOS = YES_AGGRESSIVE;
				GCC_WARN_UNUSED_FUNCTION = YES;
				GCC_WARN_UNUSED_VARIABLE = YES;
				IPHONEOS_DEPLOYMENT_TARGET = 12.1;
				MTL_ENABLE_DEBUG_INFO = INCLUDE_SOURCE;
				MTL_FAST_MATH = YES;
				ONLY_ACTIVE_ARCH = YES;
				SDKROOT = iphoneos;
				SWIFT_ACTIVE_COMPILATION_CONDITIONS = DEBUG;
				SWIFT_OPTIMIZATION_LEVEL = "-Onone";
			};
			name = Debug;
		};
		D2CD8D77221234F5003B9CC4 /* Release */ = {
			isa = XCBuildConfiguration;
			buildSettings = {
				ALWAYS_SEARCH_USER_PATHS = NO;
				CLANG_ANALYZER_NONNULL = YES;
				CLANG_ANALYZER_NUMBER_OBJECT_CONVERSION = YES_AGGRESSIVE;
				CLANG_CXX_LANGUAGE_STANDARD = "gnu++14";
				CLANG_CXX_LIBRARY = "libc++";
				CLANG_ENABLE_MODULES = YES;
				CLANG_ENABLE_OBJC_ARC = YES;
				CLANG_ENABLE_OBJC_WEAK = YES;
				CLANG_WARN_BLOCK_CAPTURE_AUTORELEASING = YES;
				CLANG_WARN_BOOL_CONVERSION = YES;
				CLANG_WARN_COMMA = YES;
				CLANG_WARN_CONSTANT_CONVERSION = YES;
				CLANG_WARN_DEPRECATED_OBJC_IMPLEMENTATIONS = YES;
				CLANG_WARN_DIRECT_OBJC_ISA_USAGE = YES_ERROR;
				CLANG_WARN_DOCUMENTATION_COMMENTS = YES;
				CLANG_WARN_EMPTY_BODY = YES;
				CLANG_WARN_ENUM_CONVERSION = YES;
				CLANG_WARN_INFINITE_RECURSION = YES;
				CLANG_WARN_INT_CONVERSION = YES;
				CLANG_WARN_NON_LITERAL_NULL_CONVERSION = YES;
				CLANG_WARN_OBJC_IMPLICIT_RETAIN_SELF = YES;
				CLANG_WARN_OBJC_LITERAL_CONVERSION = YES;
				CLANG_WARN_OBJC_ROOT_CLASS = YES_ERROR;
				CLANG_WARN_RANGE_LOOP_ANALYSIS = YES;
				CLANG_WARN_STRICT_PROTOTYPES = YES;
				CLANG_WARN_SUSPICIOUS_MOVE = YES;
				CLANG_WARN_UNGUARDED_AVAILABILITY = YES_AGGRESSIVE;
				CLANG_WARN_UNREACHABLE_CODE = YES;
				CLANG_WARN__DUPLICATE_METHOD_MATCH = YES;
				CODE_SIGN_IDENTITY = "iPhone Developer";
				COPY_PHASE_STRIP = NO;
				DEBUG_INFORMATION_FORMAT = "dwarf-with-dsym";
				ENABLE_NS_ASSERTIONS = NO;
				ENABLE_STRICT_OBJC_MSGSEND = YES;
				GCC_C_LANGUAGE_STANDARD = gnu11;
				GCC_NO_COMMON_BLOCKS = YES;
				GCC_WARN_64_TO_32_BIT_CONVERSION = YES;
				GCC_WARN_ABOUT_RETURN_TYPE = YES_ERROR;
				GCC_WARN_UNDECLARED_SELECTOR = YES;
				GCC_WARN_UNINITIALIZED_AUTOS = YES_AGGRESSIVE;
				GCC_WARN_UNUSED_FUNCTION = YES;
				GCC_WARN_UNUSED_VARIABLE = YES;
				IPHONEOS_DEPLOYMENT_TARGET = 12.1;
				MTL_ENABLE_DEBUG_INFO = NO;
				MTL_FAST_MATH = YES;
				SDKROOT = iphoneos;
				SWIFT_COMPILATION_MODE = wholemodule;
				SWIFT_OPTIMIZATION_LEVEL = "-O";
				VALIDATE_PRODUCT = YES;
			};
			name = Release;
		};
		D2CD8D79221234F5003B9CC4 /* Debug */ = {
			isa = XCBuildConfiguration;
			buildSettings = {
				ASSETCATALOG_COMPILER_APPICON_NAME = AppIcon;
				CODE_SIGN_STYLE = Automatic;
				DEVELOPMENT_TEAM = 6582HS9KMD;
				INFOPLIST_FILE = "$(SRCROOT)/Info.plist";
				LD_RUNPATH_SEARCH_PATHS = (
					"$(inherited)",
					"@executable_path/Frameworks",
				);
				PRODUCT_BUNDLE_IDENTIFIER = "UnlimitedCodeWorks.-0190211-TylerZhao-NYCSchools-Swift";
				PRODUCT_NAME = "$(TARGET_NAME)";
				SWIFT_VERSION = 4.2;
				TARGETED_DEVICE_FAMILY = "1,2";
			};
			name = Debug;
		};
		D2CD8D7A221234F5003B9CC4 /* Release */ = {
			isa = XCBuildConfiguration;
			buildSettings = {
				ASSETCATALOG_COMPILER_APPICON_NAME = AppIcon;
				CODE_SIGN_STYLE = Automatic;
				DEVELOPMENT_TEAM = 6582HS9KMD;
				INFOPLIST_FILE = "$(SRCROOT)/Info.plist";
				LD_RUNPATH_SEARCH_PATHS = (
					"$(inherited)",
					"@executable_path/Frameworks",
				);
				PRODUCT_BUNDLE_IDENTIFIER = "UnlimitedCodeWorks.-0190211-TylerZhao-NYCSchools-Swift";
				PRODUCT_NAME = "$(TARGET_NAME)";
				SWIFT_VERSION = 4.2;
				TARGETED_DEVICE_FAMILY = "1,2";
			};
			name = Release;
		};
		D2CD8D7C221234F5003B9CC4 /* Debug */ = {
			isa = XCBuildConfiguration;
			buildSettings = {
				ALWAYS_EMBED_SWIFT_STANDARD_LIBRARIES = YES;
				BUNDLE_LOADER = "$(TEST_HOST)";
				CODE_SIGN_STYLE = Automatic;
				DEVELOPMENT_TEAM = 6582HS9KMD;
				INFOPLIST_FILE = "20190211-TylerZhao-NYCSchools-SwiftTests/Info.plist";
				LD_RUNPATH_SEARCH_PATHS = (
					"$(inherited)",
					"@executable_path/Frameworks",
					"@loader_path/Frameworks",
				);
				PRODUCT_BUNDLE_IDENTIFIER = "UnlimitedCodeWorks.-0190211-TylerZhao-NYCSchools-SwiftTests";
				PRODUCT_NAME = "$(TARGET_NAME)";
				SWIFT_VERSION = 4.2;
				TARGETED_DEVICE_FAMILY = "1,2";
				TEST_HOST = "$(BUILT_PRODUCTS_DIR)/20190211-TylerZhao-NYCSchools-Swift.app/20190211-TylerZhao-NYCSchools-Swift";
			};
			name = Debug;
		};
		D2CD8D7D221234F5003B9CC4 /* Release */ = {
			isa = XCBuildConfiguration;
			buildSettings = {
				ALWAYS_EMBED_SWIFT_STANDARD_LIBRARIES = YES;
				BUNDLE_LOADER = "$(TEST_HOST)";
				CODE_SIGN_STYLE = Automatic;
				DEVELOPMENT_TEAM = 6582HS9KMD;
				INFOPLIST_FILE = "20190211-TylerZhao-NYCSchools-SwiftTests/Info.plist";
				LD_RUNPATH_SEARCH_PATHS = (
					"$(inherited)",
					"@executable_path/Frameworks",
					"@loader_path/Frameworks",
				);
				PRODUCT_BUNDLE_IDENTIFIER = "UnlimitedCodeWorks.-0190211-TylerZhao-NYCSchools-SwiftTests";
				PRODUCT_NAME = "$(TARGET_NAME)";
				SWIFT_VERSION = 4.2;
				TARGETED_DEVICE_FAMILY = "1,2";
				TEST_HOST = "$(BUILT_PRODUCTS_DIR)/20190211-TylerZhao-NYCSchools-Swift.app/20190211-TylerZhao-NYCSchools-Swift";
			};
			name = Release;
		};
/* End XCBuildConfiguration section */

/* Begin XCConfigurationList section */
		D2CD8D56221234F5003B9CC4 /* Build configuration list for PBXProject "20190211-TylerZhao-NYCSchools-Swift" */ = {
			isa = XCConfigurationList;
			buildConfigurations = (
				D2CD8D76221234F5003B9CC4 /* Debug */,
				D2CD8D77221234F5003B9CC4 /* Release */,
			);
			defaultConfigurationIsVisible = 0;
			defaultConfigurationName = Release;
		};
		D2CD8D78221234F5003B9CC4 /* Build configuration list for PBXNativeTarget "20190211-TylerZhao-NYCSchools-Swift" */ = {
			isa = XCConfigurationList;
			buildConfigurations = (
				D2CD8D79221234F5003B9CC4 /* Debug */,
				D2CD8D7A221234F5003B9CC4 /* Release */,
			);
			defaultConfigurationIsVisible = 0;
			defaultConfigurationName = Release;
		};
		D2CD8D7B221234F5003B9CC4 /* Build configuration list for PBXNativeTarget "20190211-TylerZhao-NYCSchools-SwiftTests" */ = {
			isa = XCConfigurationList;
			buildConfigurations = (
				D2CD8D7C221234F5003B9CC4 /* Debug */,
				D2CD8D7D221234F5003B9CC4 /* Release */,
			);
			defaultConfigurationIsVisible = 0;
			defaultConfigurationName = Release;
		};
/* End XCConfigurationList section */
	};
	rootObject = D2CD8D53221234F5003B9CC4 /* Project object */;
}
